
Microsoft Visual Studio Solution File, Format Version 12.00
# Visual Studio Version 17
VisualStudioVersion = 17.0.31912.275
MinimumVisualStudioVersion = 10.0.40219.1
Project("{9A19103F-16F7-4668-BE54-9A1E7A4F7556}") = "BlazorRepair", "BlazorRepair\BlazorRepair.csproj", "{05087E9B-FB8F-475E-8EF7-C699E9F36BB7}"
EndProject
Project("{9A19103F-16F7-4668-BE54-9A1E7A4F7556}") = "BlazorServerApp", "BlazorServerApp\BlazorServerApp.csproj", "{BCC0B958-ADC0-4F48-AE67-55788EA6ABA3}"
EndProject
Global
	GlobalSection(SolutionConfigurationPlatforms) = preSolution
		Debug|Any CPU = Debug|Any CPU
		Release|Any CPU = Release|Any CPU
	EndGlobalSection
	GlobalSection(ProjectConfigurationPlatforms) = postSolution
		{05087E9B-FB8F-475E-8EF7-C699E9F36BB7}.Debug|Any CPU.ActiveCfg = Debug|Any CPU
		{05087E9B-FB8F-475E-8EF7-C699E9F36BB7}.Debug|Any CPU.Build.0 = Debug|Any CPU
		{05087E9B-FB8F-475E-8EF7-C699E9F36BB7}.Release|Any CPU.ActiveCfg = Release|Any CPU
		{05087E9B-FB8F-475E-8EF7-C699E9F36BB7}.Release|Any CPU.Build.0 = Release|Any CPU
		{BCC0B958-ADC0-4F48-AE67-55788EA6ABA3}.Debug|Any CPU.ActiveCfg = Debug|Any CPU
		{BCC0B958-ADC0-4F48-AE67-55788EA6ABA3}.Debug|Any CPU.Build.0 = Debug|Any CPU
		{BCC0B958-ADC0-4F48-AE67-55788EA6ABA3}.Release|Any CPU.ActiveCfg = Release|Any CPU
		{BCC0B958-ADC0-4F48-AE67-55788EA6ABA3}.Release|Any CPU.Build.0 = Release|Any CPU
	EndGlobalSection
	GlobalSection(SolutionProperties) = preSolution
		HideSolutionNode = FALSE
	EndGlobalSection
	GlobalSection(ExtensibilityGlobals) = postSolution
		SolutionGuid = {74C8F59F-9084-458C-ACDB-571042832CF8}
	EndGlobalSection
EndGlobal
